{
  "name": "hey24sheep-portfolio",
  "version": "1.0.0",
  "lockfileVersion": 2,
  "requires": true,
  "packages": {
    "": {
      "name": "hey24sheep-portfolio",
      "version": "1.0.0",
      "license": "MIT",
      "devDependencies": {
        "marked": "^3.0.0",
        "particles.js": "^2.0.0"
      }
    },
    "node_modules/marked": {
      "version": "3.0.0",
      "resolved": "https://registry.npmjs.org/marked/-/marked-3.0.0.tgz",
      "integrity": "sha512-IF2MYfFafPsLIhzLTu63secRBwOmIY+vwS+ei6qg8F+bTS+MxH6ONYRmuseGdZqF44qvoi3nP/rlpClBdgLbiQ==",
      "dev": true,
      "bin": {
        "marked": "bin/marked"
      },
      "engines": {
        "node": ">= 12"
      }
    },
    "node_modules/particles.js": {
      "version": "2.0.0",
      "resolved": "https://registry.npmjs.org/particles.js/-/particles.js-2.0.0.tgz",
      "integrity": "sha1-IThsQyjWx/lngKIB6W7t/AnHNvY=",
      "dev": true,
      "license": "MIT"
    }
  },
  "dependencies": {
    "marked": {
      "version": "3.0.0",
      "resolved": "https://registry.npmjs.org/marked/-/marked-3.0.0.tgz",
      "integrity": "sha512-IF2MYfFafPsLIhzLTu63secRBwOmIY+vwS+ei6qg8F+bTS+MxH6ONYRmuseGdZqF44qvoi3nP/rlpClBdgLbiQ==",
      "dev": true
    },
    "particles.js": {
      "version": "2.0.0",
      "resolved": "https://registry.npmjs.org/particles.js/-/particles.js-2.0.0.tgz",
      "integrity": "sha1-IThsQyjWx/lngKIB6W7t/AnHNvY=",
      "dev": true
    }
  }
}
